
Microsoft Visual Studio Solution File, Format Version 12.00
# Visual Studio Version 16
VisualStudioVersion = 16.0.31205.134
MinimumVisualStudioVersion = 10.0.40219.1
Project("{8BC9CEB8-8B4A-11D0-8D11-00A0C91BC942}") = "0526Cpp", "0526Cpp\0526Cpp.vcxproj", "{EC337BEB-41FA-47E7-B3A7-B505870FEE0A}"
EndProject
Project("{8BC9CEB8-8B4A-11D0-8D11-00A0C91BC942}") = "03_Operator_overloading", "03_Operator_overloading\03_Operator_overloading.vcxproj", "{157899F8-FFD7-463A-B8EB-BCF20700D255}"
EndProject
Global
	GlobalSection(SolutionConfigurationPlatforms) = preSolution
		Debug|x64 = Debug|x64
		Debug|x86 = Debug|x86
		Release|x64 = Release|x64
		Release|x86 = Release|x86
	EndGlobalSection
	GlobalSection(ProjectConfigurationPlatforms) = postSolution
		{EC337BEB-41FA-47E7-B3A7-B505870FEE0A}.Debug|x64.ActiveCfg = Debug|x64
		{EC337BEB-41FA-47E7-B3A7-B505870FEE0A}.Debug|x64.Build.0 = Debug|x64
		{EC337BEB-41FA-47E7-B3A7-B505870FEE0A}.Debug|x86.ActiveCfg = Debug|Win32
		{EC337BEB-41FA-47E7-B3A7-B505870FEE0A}.Debug|x86.Build.0 = Debug|Win32
		{EC337BEB-41FA-47E7-B3A7-B505870FEE0A}.Release|x64.ActiveCfg = Release|x64
		{EC337BEB-41FA-47E7-B3A7-B505870FEE0A}.Release|x64.Build.0 = Release|x64
		{EC337BEB-41FA-47E7-B3A7-B505870FEE0A}.Release|x86.ActiveCfg = Release|Win32
		{EC337BEB-41FA-47E7-B3A7-B505870FEE0A}.Release|x86.Build.0 = Release|Win32
		{157899F8-FFD7-463A-B8EB-BCF20700D255}.Debug|x64.ActiveCfg = Debug|x64
		{157899F8-FFD7-463A-B8EB-BCF20700D255}.Debug|x64.Build.0 = Debug|x64
		{157899F8-FFD7-463A-B8EB-BCF20700D255}.Debug|x86.ActiveCfg = Debug|Win32
		{157899F8-FFD7-463A-B8EB-BCF20700D255}.Debug|x86.Build.0 = Debug|Win32
		{157899F8-FFD7-463A-B8EB-BCF20700D255}.Release|x64.ActiveCfg = Release|x64
		{157899F8-FFD7-463A-B8EB-BCF20700D255}.Release|x64.Build.0 = Release|x64
		{157899F8-FFD7-463A-B8EB-BCF20700D255}.Release|x86.ActiveCfg = Release|Win32
		{157899F8-FFD7-463A-B8EB-BCF20700D255}.Release|x86.Build.0 = Release|Win32
	EndGlobalSection
	GlobalSection(SolutionProperties) = preSolution
		HideSolutionNode = FALSE
	EndGlobalSection
	GlobalSection(ExtensibilityGlobals) = postSolution
		SolutionGuid = {C4BDC4E4-9AAF-4DD6-9246-B48683887421}
	EndGlobalSection
EndGlobal
